<Solution>
  <Folder Name="/01/">
    <Project Path="D:/Usuario/Documents/ITM/Semestre IV/Estructura de Datos/Projects/LogicConcepts2025-1/LogicConcepts2025-1/IsNumberOrNot/IsNumberOddOrNot.csproj" />
  </Folder>
  <Folder Name="/Shared/">
    <Project Path="Shared/Shared/Shared.csproj" Id="edcc45d4-a5f2-4e5b-9a71-8c8c2391f7fc" />
  </Folder>
</Solution>
