<Solution>
  <Folder Name="/01/">
    <Project Path="D:/Usuario/Documents/ITM/Semestre IV/Estructura de Datos/Projects/LogicConcepts2025-1/LogicConcepts2025-1/IsNumberOrNot/IsNumberOddOrNot.csproj" />
  </Folder>
  <Folder Name="/02/">
    <Project Path="TheGreathestNumber/TheGreathestNumber.csproj" Id="1a77d303-0828-4761-9b5f-da437a3dd8a2" />
  </Folder>
  <Folder Name="/03/">
    <Project Path="SortNumbers/SortNumbers.csproj" Id="b058c5f6-daa0-474b-8dd1-78430f65cbb5" />
  </Folder>
  <Folder Name="/04/">
    <Project Path="IsMultipleOfAnother/IsMultipleOfAnother.csproj" Id="21d565af-d07d-4d3d-ad22-9bd9ad263311" />
  </Folder>
  <Folder Name="/05/">
    <Project Path="IsLeapYear/IsLeapYear.csproj" Id="778c0fbe-df35-49de-9941-d6866828f5d6" />
  </Folder>
  <Folder Name="/06/">
    <Project Path="SimplePlayroll/SimplePlayroll.csproj" Id="313235c1-88c1-40dd-a91c-cfa6f286bccc" />
  </Folder>
  <Folder Name="/07/">
    <Project Path="Discount/Discount.csproj" Id="f075d80b-227a-4ab1-9d64-1997ecb71eac" />
  </Folder>
  <Folder Name="/08/">
    <Project Path="RegistrationValue/RegistrationValue.csproj" Id="748831f8-6675-41f5-b9b6-1c870e3aa545" />
  </Folder>
  <Folder Name="/09/">
    <Project Path="Shipping/Shipping.csproj" Id="76e2a77b-f428-4bd7-849d-8eb8d5d1d522" />
  </Folder>
  <Folder Name="/10/">
    <Project Path="SucesoStore/SucesoStore.csproj" Id="f93f49d4-09ba-4d93-a723-fe55956376e8" />
  </Folder>
  <Folder Name="/11/">
    <Project Path="TransportationCompany/TransportationCompany.csproj" Id="7455535f-e7ac-4c64-aecd-46d9ab53be1f" />
  </Folder>
  <Folder Name="/12/">
    <Project Path="SumAndAverage/SumAndAverage.csproj" Id="c0f6c3ca-9c85-486c-b3f6-e256c987d0d8" />
  </Folder>
  <Folder Name="/13/">
    <Project Path="Factorial/Factorial.csproj" Id="e8237154-b90a-41f1-b3f3-4de1ae20c90c" />
  </Folder>
  <Folder Name="/14/">
    <Project Path="Taylor/Taylor.csproj" Id="6e4f8106-8ff0-4b7f-998b-a2749821c6b8" />
  </Folder>
  <Folder Name="/15/">
    <Project Path="TaylorModified/TaylorModified.csproj" Id="287369c7-7cea-48f7-8805-3dcadc028962" />
  </Folder>
  <Folder Name="/16/">
    <Project Path="QuadraticEquations/QuadraticEquations.csproj" Id="17805599-156d-4365-a937-d9f4b46ae460" />
  </Folder>
  <Folder Name="/Shared/">
    <Project Path="Shared/Shared/Shared.csproj" Id="edcc45d4-a5f2-4e5b-9a71-8c8c2391f7fc" />
  </Folder>
</Solution>
